{
  "object": {
    "pins": [
      {
        "package": "Automata",
        "repositoryURL": "https://github.com/lambda-life/automata.git",
        "state": {
          "branch": "master",
          "revision": "75afc410fc2e6e3f4a901500b6efabdd79eab067",
          "version": null
        }
      }
    ]
  },
  "version": 1
}
