{
  "object": {
    "pins": [
      {
        "package": "Automata",
        "repositoryURL": "https://github.com/lambda-life/automata.git",
        "state": {
          "branch": "master",
          "revision": "758bae137dc69507e20f5b9f7f12acfc0781b011",
          "version": null
        }
      }
    ]
  },
  "version": 1
}
