{
  "object": {
    "pins": [
      {
        "package": "Automata",
        "repositoryURL": "https://github.com/lambda-life/automata.git",
        "state": {
          "branch": "master",
          "revision": "13e39c232626072090d75c4c5670d89321c1a5ec",
          "version": null
        }
      }
    ]
  },
  "version": 1
}
