// !$*UTF8*$!
{
	archiveVersion = 1;
	classes = {
	};
	objectVersion = 52;
	objects = {

/* Begin PBXBuildFile section */
		CE331F78249CA85D001DA622 /* View+.swift in Sources */ = {isa = PBXBuildFile; fileRef = CE331F77249CA85D001DA622 /* View+.swift */; };
		CE684351249E098D00814744 /* Player.swift in Sources */ = {isa = PBXBuildFile; fileRef = CE684350249E098D00814744 /* Player.swift */; };
		CE684353249E212800814744 /* Font.swift in Sources */ = {isa = PBXBuildFile; fileRef = CE684352249E212800814744 /* Font.swift */; };
		CE684357249E22BC00814744 /* Color.swift in Sources */ = {isa = PBXBuildFile; fileRef = CE684356249E22BC00814744 /* Color.swift */; };
		CE684359249E2F5C00814744 /* Label.swift in Sources */ = {isa = PBXBuildFile; fileRef = CE684358249E2F5C00814744 /* Label.swift */; };
		CE68435B249E32FD00814744 /* Generation.swift in Sources */ = {isa = PBXBuildFile; fileRef = CE68435A249E32FD00814744 /* Generation.swift */; };
		CE82273E249F986300404B11 /* Circle.swift in Sources */ = {isa = PBXBuildFile; fileRef = CE82273D249F986300404B11 /* Circle.swift */; };
		CE8A050D249D148400C460C6 /* Media.xcassets in Resources */ = {isa = PBXBuildFile; fileRef = CE8A050C249D148400C460C6 /* Media.xcassets */; };
		CED98457249C91650095C78A /* App.swift in Sources */ = {isa = PBXBuildFile; fileRef = CED98456249C91650095C78A /* App.swift */; };
		CED98459249C91650095C78A /* Main.swift in Sources */ = {isa = PBXBuildFile; fileRef = CED98458249C91650095C78A /* Main.swift */; };
		CED9845B249C91650095C78A /* Assets.xcassets in Resources */ = {isa = PBXBuildFile; fileRef = CED9845A249C91650095C78A /* Assets.xcassets */; };
		CED98465249C91EB0095C78A /* Menu.swift in Sources */ = {isa = PBXBuildFile; fileRef = CED98464249C91EB0095C78A /* Menu.swift */; };
		CED98468249C920E0095C78A /* String.swift in Sources */ = {isa = PBXBuildFile; fileRef = CED98467249C920E0095C78A /* String.swift */; };
		CED9846B249C92550095C78A /* Localizable.strings in Resources */ = {isa = PBXBuildFile; fileRef = CED98469249C92550095C78A /* Localizable.strings */; };
		CED9846E249C943C0095C78A /* Automata in Frameworks */ = {isa = PBXBuildFile; productRef = CED9846D249C943C0095C78A /* Automata */; };
		CED98470249C96A40095C78A /* View.swift in Sources */ = {isa = PBXBuildFile; fileRef = CED9846F249C96A40095C78A /* View.swift */; };
		CED98472249C96E20095C78A /* Times.swift in Sources */ = {isa = PBXBuildFile; fileRef = CED98471249C96E20095C78A /* Times.swift */; };
		CED98474249C9B500095C78A /* Cell.swift in Sources */ = {isa = PBXBuildFile; fileRef = CED98473249C9B500095C78A /* Cell.swift */; };
/* End PBXBuildFile section */

/* Begin PBXFileReference section */
		CE331F77249CA85D001DA622 /* View+.swift */ = {isa = PBXFileReference; lastKnownFileType = sourcecode.swift; path = "View+.swift"; sourceTree = "<group>"; };
		CE331F79249CAAFA001DA622 /* README.md */ = {isa = PBXFileReference; lastKnownFileType = net.daringfireball.markdown; path = README.md; sourceTree = "<group>"; };
		CE331F7A249CAB0C001DA622 /* LICENSE */ = {isa = PBXFileReference; lastKnownFileType = text; path = LICENSE; sourceTree = "<group>"; };
		CE331F7C249CAB45001DA622 /* .gitignore */ = {isa = PBXFileReference; lastKnownFileType = text; path = .gitignore; sourceTree = "<group>"; };
		CE684350249E098D00814744 /* Player.swift */ = {isa = PBXFileReference; lastKnownFileType = sourcecode.swift; path = Player.swift; sourceTree = "<group>"; };
		CE684352249E212800814744 /* Font.swift */ = {isa = PBXFileReference; lastKnownFileType = sourcecode.swift; path = Font.swift; sourceTree = "<group>"; };
		CE684356249E22BC00814744 /* Color.swift */ = {isa = PBXFileReference; lastKnownFileType = sourcecode.swift; path = Color.swift; sourceTree = "<group>"; };
		CE684358249E2F5C00814744 /* Label.swift */ = {isa = PBXFileReference; lastKnownFileType = sourcecode.swift; path = Label.swift; sourceTree = "<group>"; };
		CE68435A249E32FD00814744 /* Generation.swift */ = {isa = PBXFileReference; lastKnownFileType = sourcecode.swift; path = Generation.swift; sourceTree = "<group>"; };
		CE82273D249F986300404B11 /* Circle.swift */ = {isa = PBXFileReference; lastKnownFileType = sourcecode.swift; path = Circle.swift; sourceTree = "<group>"; };
		CE8A050C249D148400C460C6 /* Media.xcassets */ = {isa = PBXFileReference; lastKnownFileType = folder.assetcatalog; path = Media.xcassets; sourceTree = "<group>"; };
		CED98453249C91650095C78A /* Lambda.app */ = {isa = PBXFileReference; explicitFileType = wrapper.application; includeInIndex = 0; path = Lambda.app; sourceTree = BUILT_PRODUCTS_DIR; };
		CED98456249C91650095C78A /* App.swift */ = {isa = PBXFileReference; lastKnownFileType = sourcecode.swift; path = App.swift; sourceTree = "<group>"; };
		CED98458249C91650095C78A /* Main.swift */ = {isa = PBXFileReference; lastKnownFileType = sourcecode.swift; path = Main.swift; sourceTree = "<group>"; };
		CED9845A249C91650095C78A /* Assets.xcassets */ = {isa = PBXFileReference; lastKnownFileType = folder.assetcatalog; path = Assets.xcassets; sourceTree = "<group>"; };
		CED9845F249C91650095C78A /* Info.plist */ = {isa = PBXFileReference; lastKnownFileType = text.plist.xml; path = Info.plist; sourceTree = "<group>"; };
		CED98460249C91650095C78A /* macOS.entitlements */ = {isa = PBXFileReference; lastKnownFileType = text.plist.entitlements; path = macOS.entitlements; sourceTree = "<group>"; };
		CED98464249C91EB0095C78A /* Menu.swift */ = {isa = PBXFileReference; lastKnownFileType = sourcecode.swift; path = Menu.swift; sourceTree = "<group>"; };
		CED98467249C920E0095C78A /* String.swift */ = {isa = PBXFileReference; lastKnownFileType = sourcecode.swift; path = String.swift; sourceTree = "<group>"; };
		CED9846A249C92550095C78A /* Base */ = {isa = PBXFileReference; lastKnownFileType = text.plist.strings; name = Base; path = Base.lproj/Localizable.strings; sourceTree = "<group>"; };
		CED9846F249C96A40095C78A /* View.swift */ = {isa = PBXFileReference; lastKnownFileType = sourcecode.swift; path = View.swift; sourceTree = "<group>"; };
		CED98471249C96E20095C78A /* Times.swift */ = {isa = PBXFileReference; lastKnownFileType = sourcecode.swift; path = Times.swift; sourceTree = "<group>"; };
		CED98473249C9B500095C78A /* Cell.swift */ = {isa = PBXFileReference; lastKnownFileType = sourcecode.swift; path = Cell.swift; sourceTree = "<group>"; };
/* End PBXFileReference section */

/* Begin PBXFrameworksBuildPhase section */
		CED98450249C91650095C78A /* Frameworks */ = {
			isa = PBXFrameworksBuildPhase;
			buildActionMask = 2147483647;
			files = (
				CED9846E249C943C0095C78A /* Automata in Frameworks */,
			);
			runOnlyForDeploymentPostprocessing = 0;
		};
/* End PBXFrameworksBuildPhase section */

/* Begin PBXGroup section */
		CED98448249C91510095C78A = {
			isa = PBXGroup;
			children = (
				CE331F7C249CAB45001DA622 /* .gitignore */,
				CE331F7A249CAB0C001DA622 /* LICENSE */,
				CE331F79249CAAFA001DA622 /* README.md */,
				CED98455249C91650095C78A /* macOS */,
				CED98454249C91650095C78A /* Products */,
				CED98466249C92020095C78A /* Shared */,
			);
			sourceTree = "<group>";
		};
		CED98454249C91650095C78A /* Products */ = {
			isa = PBXGroup;
			children = (
				CED98453249C91650095C78A /* Lambda.app */,
			);
			name = Products;
			sourceTree = "<group>";
		};
		CED98455249C91650095C78A /* macOS */ = {
			isa = PBXGroup;
			children = (
				CED98460249C91650095C78A /* macOS.entitlements */,
				CED9845F249C91650095C78A /* Info.plist */,
				CED98456249C91650095C78A /* App.swift */,
				CE684358249E2F5C00814744 /* Label.swift */,
				CED98458249C91650095C78A /* Main.swift */,
				CED98464249C91EB0095C78A /* Menu.swift */,
				CE331F77249CA85D001DA622 /* View+.swift */,
				CED9845A249C91650095C78A /* Assets.xcassets */,
			);
			path = macOS;
			sourceTree = "<group>";
		};
		CED98466249C92020095C78A /* Shared */ = {
			isa = PBXGroup;
			children = (
				CED98473249C9B500095C78A /* Cell.swift */,
				CE82273D249F986300404B11 /* Circle.swift */,
				CE684356249E22BC00814744 /* Color.swift */,
				CE684352249E212800814744 /* Font.swift */,
				CE68435A249E32FD00814744 /* Generation.swift */,
				CE684350249E098D00814744 /* Player.swift */,
				CED98467249C920E0095C78A /* String.swift */,
				CED98471249C96E20095C78A /* Times.swift */,
				CED9846F249C96A40095C78A /* View.swift */,
				CE8A050C249D148400C460C6 /* Media.xcassets */,
				CED98469249C92550095C78A /* Localizable.strings */,
			);
			path = Shared;
			sourceTree = "<group>";
		};
/* End PBXGroup section */

/* Begin PBXNativeTarget section */
		CED98452249C91650095C78A /* macOS */ = {
			isa = PBXNativeTarget;
			buildConfigurationList = CED98461249C91650095C78A /* Build configuration list for PBXNativeTarget "macOS" */;
			buildPhases = (
				CED9844F249C91650095C78A /* Sources */,
				CED98450249C91650095C78A /* Frameworks */,
				CED98451249C91650095C78A /* Resources */,
			);
			buildRules = (
			);
			dependencies = (
			);
			name = macOS;
			packageProductDependencies = (
				CED9846D249C943C0095C78A /* Automata */,
			);
			productName = macOS;
			productReference = CED98453249C91650095C78A /* Lambda.app */;
			productType = "com.apple.product-type.application";
		};
/* End PBXNativeTarget section */

/* Begin PBXProject section */
		CED98449249C91510095C78A /* Project object */ = {
			isa = PBXProject;
			attributes = {
				LastSwiftUpdateCheck = 1150;
				LastUpgradeCheck = 1150;
				TargetAttributes = {
					CED98452249C91650095C78A = {
						CreatedOnToolsVersion = 11.5;
					};
				};
			};
			buildConfigurationList = CED9844C249C91510095C78A /* Build configuration list for PBXProject "lambda" */;
			compatibilityVersion = "Xcode 9.3";
			developmentRegion = en;
			hasScannedForEncodings = 0;
			knownRegions = (
				en,
				Base,
			);
			mainGroup = CED98448249C91510095C78A;
			packageReferences = (
				CED9846C249C943C0095C78A /* XCRemoteSwiftPackageReference "automata" */,
			);
			productRefGroup = CED98454249C91650095C78A /* Products */;
			projectDirPath = "";
			projectRoot = "";
			targets = (
				CED98452249C91650095C78A /* macOS */,
			);
		};
/* End PBXProject section */

/* Begin PBXResourcesBuildPhase section */
		CED98451249C91650095C78A /* Resources */ = {
			isa = PBXResourcesBuildPhase;
			buildActionMask = 2147483647;
			files = (
				CED9845B249C91650095C78A /* Assets.xcassets in Resources */,
				CE8A050D249D148400C460C6 /* Media.xcassets in Resources */,
				CED9846B249C92550095C78A /* Localizable.strings in Resources */,
			);
			runOnlyForDeploymentPostprocessing = 0;
		};
/* End PBXResourcesBuildPhase section */

/* Begin PBXSourcesBuildPhase section */
		CED9844F249C91650095C78A /* Sources */ = {
			isa = PBXSourcesBuildPhase;
			buildActionMask = 2147483647;
			files = (
				CE684351249E098D00814744 /* Player.swift in Sources */,
				CE68435B249E32FD00814744 /* Generation.swift in Sources */,
				CED98472249C96E20095C78A /* Times.swift in Sources */,
				CE684359249E2F5C00814744 /* Label.swift in Sources */,
				CE684353249E212800814744 /* Font.swift in Sources */,
				CED98465249C91EB0095C78A /* Menu.swift in Sources */,
				CED98474249C9B500095C78A /* Cell.swift in Sources */,
				CE82273E249F986300404B11 /* Circle.swift in Sources */,
				CE684357249E22BC00814744 /* Color.swift in Sources */,
				CED98459249C91650095C78A /* Main.swift in Sources */,
				CE331F78249CA85D001DA622 /* View+.swift in Sources */,
				CED98470249C96A40095C78A /* View.swift in Sources */,
				CED98468249C920E0095C78A /* String.swift in Sources */,
				CED98457249C91650095C78A /* App.swift in Sources */,
			);
			runOnlyForDeploymentPostprocessing = 0;
		};
/* End PBXSourcesBuildPhase section */

/* Begin PBXVariantGroup section */
		CED98469249C92550095C78A /* Localizable.strings */ = {
			isa = PBXVariantGroup;
			children = (
				CED9846A249C92550095C78A /* Base */,
			);
			name = Localizable.strings;
			sourceTree = "<group>";
		};
/* End PBXVariantGroup section */

/* Begin XCBuildConfiguration section */
		CED9844D249C91510095C78A /* Debug */ = {
			isa = XCBuildConfiguration;
			buildSettings = {
				CLANG_ENABLE_MODULES = YES;
				DEBUG_INFORMATION_FORMAT = dwarf;
				GCC_OPTIMIZATION_LEVEL = 0;
				MACOSX_DEPLOYMENT_TARGET = 10.15;
				PRODUCT_NAME = Lambda;
				SWIFT_INSTALL_OBJC_HEADER = NO;
				SWIFT_OPTIMIZATION_LEVEL = "-Onone";
				SWIFT_VERSION = 5.0;
			};
			name = Debug;
		};
		CED9844E249C91510095C78A /* Release */ = {
			isa = XCBuildConfiguration;
			buildSettings = {
				CLANG_ENABLE_MODULES = YES;
				DEBUG_INFORMATION_FORMAT = "dwarf-with-dsym";
				GCC_OPTIMIZATION_LEVEL = 3;
				MACOSX_DEPLOYMENT_TARGET = 10.15;
				PRODUCT_NAME = Lambda;
				SWIFT_COMPILATION_MODE = wholemodule;
				SWIFT_INSTALL_OBJC_HEADER = NO;
				SWIFT_VERSION = 5.0;
			};
			name = Release;
		};
		CED98462249C91650095C78A /* Debug */ = {
			isa = XCBuildConfiguration;
			buildSettings = {
				ALWAYS_SEARCH_USER_PATHS = NO;
				ASSETCATALOG_COMPILER_APPICON_NAME = AppIcon;
				CLANG_ANALYZER_NONNULL = YES;
				CLANG_ANALYZER_NUMBER_OBJECT_CONVERSION = YES_AGGRESSIVE;
				CLANG_CXX_LANGUAGE_STANDARD = "gnu++14";
				CLANG_CXX_LIBRARY = "libc++";
				CLANG_ENABLE_OBJC_ARC = YES;
				CLANG_ENABLE_OBJC_WEAK = YES;
				CLANG_WARN_BLOCK_CAPTURE_AUTORELEASING = YES;
				CLANG_WARN_BOOL_CONVERSION = YES;
				CLANG_WARN_COMMA = YES;
				CLANG_WARN_CONSTANT_CONVERSION = YES;
				CLANG_WARN_DEPRECATED_OBJC_IMPLEMENTATIONS = YES;
				CLANG_WARN_DIRECT_OBJC_ISA_USAGE = YES_ERROR;
				CLANG_WARN_DOCUMENTATION_COMMENTS = YES;
				CLANG_WARN_EMPTY_BODY = YES;
				CLANG_WARN_ENUM_CONVERSION = YES;
				CLANG_WARN_INFINITE_RECURSION = YES;
				CLANG_WARN_INT_CONVERSION = YES;
				CLANG_WARN_NON_LITERAL_NULL_CONVERSION = YES;
				CLANG_WARN_OBJC_IMPLICIT_RETAIN_SELF = YES;
				CLANG_WARN_OBJC_LITERAL_CONVERSION = YES;
				CLANG_WARN_OBJC_ROOT_CLASS = YES_ERROR;
				CLANG_WARN_RANGE_LOOP_ANALYSIS = YES;
				CLANG_WARN_STRICT_PROTOTYPES = YES;
				CLANG_WARN_SUSPICIOUS_MOVE = YES;
				CLANG_WARN_UNGUARDED_AVAILABILITY = YES_AGGRESSIVE;
				CLANG_WARN_UNREACHABLE_CODE = YES;
				CLANG_WARN__DUPLICATE_METHOD_MATCH = YES;
				CODE_SIGN_ENTITLEMENTS = macOS/macOS.entitlements;
				CODE_SIGN_STYLE = Automatic;
				COMBINE_HIDPI_IMAGES = YES;
				COPY_PHASE_STRIP = NO;
				DEVELOPMENT_TEAM = 7AMWG3RLHN;
				ENABLE_HARDENED_RUNTIME = YES;
				ENABLE_STRICT_OBJC_MSGSEND = YES;
				ENABLE_TESTABILITY = YES;
				GCC_C_LANGUAGE_STANDARD = gnu11;
				GCC_DYNAMIC_NO_PIC = NO;
				GCC_NO_COMMON_BLOCKS = YES;
				GCC_PREPROCESSOR_DEFINITIONS = (
					"DEBUG=1",
					"$(inherited)",
				);
				GCC_WARN_64_TO_32_BIT_CONVERSION = YES;
				GCC_WARN_ABOUT_RETURN_TYPE = YES_ERROR;
				GCC_WARN_UNDECLARED_SELECTOR = YES;
				GCC_WARN_UNINITIALIZED_AUTOS = YES_AGGRESSIVE;
				GCC_WARN_UNUSED_FUNCTION = YES;
				GCC_WARN_UNUSED_VARIABLE = YES;
				INFOPLIST_FILE = macOS/Info.plist;
				LD_RUNPATH_SEARCH_PATHS = (
					"$(inherited)",
					"@executable_path/../Frameworks",
				);
				MARKETING_VERSION = 1;
				MTL_ENABLE_DEBUG_INFO = INCLUDE_SOURCE;
				MTL_FAST_MATH = YES;
				ONLY_ACTIVE_ARCH = YES;
				PRODUCT_BUNDLE_IDENTIFIER = life.lambda;
				SDKROOT = macosx;
				SWIFT_ACTIVE_COMPILATION_CONDITIONS = DEBUG;
			};
			name = Debug;
		};
		CED98463249C91650095C78A /* Release */ = {
			isa = XCBuildConfiguration;
			buildSettings = {
				ALWAYS_SEARCH_USER_PATHS = NO;
				ASSETCATALOG_COMPILER_APPICON_NAME = AppIcon;
				CLANG_ANALYZER_NONNULL = YES;
				CLANG_ANALYZER_NUMBER_OBJECT_CONVERSION = YES_AGGRESSIVE;
				CLANG_CXX_LANGUAGE_STANDARD = "gnu++14";
				CLANG_CXX_LIBRARY = "libc++";
				CLANG_ENABLE_OBJC_ARC = YES;
				CLANG_ENABLE_OBJC_WEAK = YES;
				CLANG_WARN_BLOCK_CAPTURE_AUTORELEASING = YES;
				CLANG_WARN_BOOL_CONVERSION = YES;
				CLANG_WARN_COMMA = YES;
				CLANG_WARN_CONSTANT_CONVERSION = YES;
				CLANG_WARN_DEPRECATED_OBJC_IMPLEMENTATIONS = YES;
				CLANG_WARN_DIRECT_OBJC_ISA_USAGE = YES_ERROR;
				CLANG_WARN_DOCUMENTATION_COMMENTS = YES;
				CLANG_WARN_EMPTY_BODY = YES;
				CLANG_WARN_ENUM_CONVERSION = YES;
				CLANG_WARN_INFINITE_RECURSION = YES;
				CLANG_WARN_INT_CONVERSION = YES;
				CLANG_WARN_NON_LITERAL_NULL_CONVERSION = YES;
				CLANG_WARN_OBJC_IMPLICIT_RETAIN_SELF = YES;
				CLANG_WARN_OBJC_LITERAL_CONVERSION = YES;
				CLANG_WARN_OBJC_ROOT_CLASS = YES_ERROR;
				CLANG_WARN_RANGE_LOOP_ANALYSIS = YES;
				CLANG_WARN_STRICT_PROTOTYPES = YES;
				CLANG_WARN_SUSPICIOUS_MOVE = YES;
				CLANG_WARN_UNGUARDED_AVAILABILITY = YES_AGGRESSIVE;
				CLANG_WARN_UNREACHABLE_CODE = YES;
				CLANG_WARN__DUPLICATE_METHOD_MATCH = YES;
				CODE_SIGN_ENTITLEMENTS = macOS/macOS.entitlements;
				CODE_SIGN_STYLE = Automatic;
				COMBINE_HIDPI_IMAGES = YES;
				COPY_PHASE_STRIP = NO;
				DEVELOPMENT_TEAM = 7AMWG3RLHN;
				ENABLE_HARDENED_RUNTIME = YES;
				ENABLE_NS_ASSERTIONS = NO;
				ENABLE_STRICT_OBJC_MSGSEND = YES;
				GCC_C_LANGUAGE_STANDARD = gnu11;
				GCC_NO_COMMON_BLOCKS = YES;
				GCC_WARN_64_TO_32_BIT_CONVERSION = YES;
				GCC_WARN_ABOUT_RETURN_TYPE = YES_ERROR;
				GCC_WARN_UNDECLARED_SELECTOR = YES;
				GCC_WARN_UNINITIALIZED_AUTOS = YES_AGGRESSIVE;
				GCC_WARN_UNUSED_FUNCTION = YES;
				GCC_WARN_UNUSED_VARIABLE = YES;
				INFOPLIST_FILE = macOS/Info.plist;
				LD_RUNPATH_SEARCH_PATHS = (
					"$(inherited)",
					"@executable_path/../Frameworks",
				);
				MARKETING_VERSION = 1;
				MTL_ENABLE_DEBUG_INFO = NO;
				MTL_FAST_MATH = YES;
				PRODUCT_BUNDLE_IDENTIFIER = life.lambda;
				SDKROOT = macosx;
			};
			name = Release;
		};
/* End XCBuildConfiguration section */

/* Begin XCConfigurationList section */
		CED9844C249C91510095C78A /* Build configuration list for PBXProject "lambda" */ = {
			isa = XCConfigurationList;
			buildConfigurations = (
				CED9844D249C91510095C78A /* Debug */,
				CED9844E249C91510095C78A /* Release */,
			);
			defaultConfigurationIsVisible = 0;
			defaultConfigurationName = Release;
		};
		CED98461249C91650095C78A /* Build configuration list for PBXNativeTarget "macOS" */ = {
			isa = XCConfigurationList;
			buildConfigurations = (
				CED98462249C91650095C78A /* Debug */,
				CED98463249C91650095C78A /* Release */,
			);
			defaultConfigurationIsVisible = 0;
			defaultConfigurationName = Release;
		};
/* End XCConfigurationList section */

/* Begin XCRemoteSwiftPackageReference section */
		CED9846C249C943C0095C78A /* XCRemoteSwiftPackageReference "automata" */ = {
			isa = XCRemoteSwiftPackageReference;
			repositoryURL = "https://github.com/lambda-life/automata.git";
			requirement = {
				branch = master;
				kind = branch;
			};
		};
/* End XCRemoteSwiftPackageReference section */

/* Begin XCSwiftPackageProductDependency section */
		CED9846D249C943C0095C78A /* Automata */ = {
			isa = XCSwiftPackageProductDependency;
			package = CED9846C249C943C0095C78A /* XCRemoteSwiftPackageReference "automata" */;
			productName = Automata;
		};
/* End XCSwiftPackageProductDependency section */
	};
	rootObject = CED98449249C91510095C78A /* Project object */;
}
